
Microsoft Visual Studio Solution File, Format Version 12.00
# Visual Studio Version 16
VisualStudioVersion = 16.0.31129.286
MinimumVisualStudioVersion = 10.0.40219.1
Project("{FAE04EC0-301F-11D3-BF4B-00C04F79EFBC}") = "TextureUtilities", "TextureUtilities\TextureUtilities.csproj", "{F8E50449-B0F1-4679-9269-F58D8F43476C}"
EndProject
Project("{FAE04EC0-301F-11D3-BF4B-00C04F79EFBC}") = "TextureBenchmark", "TextureBenchmark\TextureBenchmark.csproj", "{E65DD6E0-2722-455E-8EB3-BB227BFDAB75}"
EndProject
Project("{2150E333-8FDC-42A3-9474-1A3956D46DE8}") = "Host", "Host", "{F3BA8FBF-DF9B-4A47-8739-5175B68EB672}"
EndProject
Global
	GlobalSection(SolutionConfigurationPlatforms) = preSolution
		Debug|Any CPU = Debug|Any CPU
		Release|Any CPU = Release|Any CPU
	EndGlobalSection
	GlobalSection(ProjectConfigurationPlatforms) = postSolution
		{F8E50449-B0F1-4679-9269-F58D8F43476C}.Debug|Any CPU.ActiveCfg = Debug|Any CPU
		{F8E50449-B0F1-4679-9269-F58D8F43476C}.Debug|Any CPU.Build.0 = Debug|Any CPU
		{F8E50449-B0F1-4679-9269-F58D8F43476C}.Release|Any CPU.ActiveCfg = Release|Any CPU
		{F8E50449-B0F1-4679-9269-F58D8F43476C}.Release|Any CPU.Build.0 = Release|Any CPU
		{E65DD6E0-2722-455E-8EB3-BB227BFDAB75}.Debug|Any CPU.ActiveCfg = Debug|Any CPU
		{E65DD6E0-2722-455E-8EB3-BB227BFDAB75}.Debug|Any CPU.Build.0 = Debug|Any CPU
		{E65DD6E0-2722-455E-8EB3-BB227BFDAB75}.Release|Any CPU.ActiveCfg = Release|Any CPU
		{E65DD6E0-2722-455E-8EB3-BB227BFDAB75}.Release|Any CPU.Build.0 = Release|Any CPU
	EndGlobalSection
	GlobalSection(SolutionProperties) = preSolution
		HideSolutionNode = FALSE
	EndGlobalSection
	GlobalSection(NestedProjects) = preSolution
		{E65DD6E0-2722-455E-8EB3-BB227BFDAB75} = {F3BA8FBF-DF9B-4A47-8739-5175B68EB672}
	EndGlobalSection
	GlobalSection(ExtensibilityGlobals) = postSolution
		SolutionGuid = {84B3F2C8-08BC-4060-B988-F2A342AD4717}
	EndGlobalSection
EndGlobal
